
Microsoft Visual Studio Solution File, Format Version 12.00
# Visual Studio Version 16
VisualStudioVersion = 16.0.29519.87
MinimumVisualStudioVersion = 10.0.40219.1
Project("{FAE04EC0-301F-11D3-BF4B-00C04F79EFBC}") = "Sol_AutMapper", "Sol_AutMapper\Sol_AutMapper.csproj", "{16DABAE0-65F0-4DC0-9E47-C173739DE6DA}"
EndProject
Global
	GlobalSection(SolutionConfigurationPlatforms) = preSolution
		Debug|Any CPU = Debug|Any CPU
		Release|Any CPU = Release|Any CPU
	EndGlobalSection
	GlobalSection(ProjectConfigurationPlatforms) = postSolution
		{16DABAE0-65F0-4DC0-9E47-C173739DE6DA}.Debug|Any CPU.ActiveCfg = Debug|Any CPU
		{16DABAE0-65F0-4DC0-9E47-C173739DE6DA}.Debug|Any CPU.Build.0 = Debug|Any CPU
		{16DABAE0-65F0-4DC0-9E47-C173739DE6DA}.Release|Any CPU.ActiveCfg = Release|Any CPU
		{16DABAE0-65F0-4DC0-9E47-C173739DE6DA}.Release|Any CPU.Build.0 = Release|Any CPU
	EndGlobalSection
	GlobalSection(SolutionProperties) = preSolution
		HideSolutionNode = FALSE
	EndGlobalSection
	GlobalSection(ExtensibilityGlobals) = postSolution
		SolutionGuid = {31BC24CD-B66A-4C2A-BC12-976A1639C3B2}
	EndGlobalSection
EndGlobal
